// !$*UTF8*$!
{
	archiveVersion = 1;
	classes = {
	};
	objectVersion = 50;
	objects = {

/* Begin PBXBuildFile section */
		196CFBEE26F147220009BE41 /* AppDelegate.swift in Sources */ = {isa = PBXBuildFile; fileRef = 196CFBED26F147220009BE41 /* AppDelegate.swift */; };
		196CFBF026F147220009BE41 /* SceneDelegate.swift in Sources */ = {isa = PBXBuildFile; fileRef = 196CFBEF26F147220009BE41 /* SceneDelegate.swift */; };
		196CFBF226F147220009BE41 /* ViewController.swift in Sources */ = {isa = PBXBuildFile; fileRef = 196CFBF126F147220009BE41 /* ViewController.swift */; };
		196CFBF526F147220009BE41 /* Main.storyboard in Resources */ = {isa = PBXBuildFile; fileRef = 196CFBF326F147220009BE41 /* Main.storyboard */; };
		196CFBF726F147240009BE41 /* Assets.xcassets in Resources */ = {isa = PBXBuildFile; fileRef = 196CFBF626F147240009BE41 /* Assets.xcassets */; };
		196CFBFA26F147240009BE41 /* LaunchScreen.storyboard in Resources */ = {isa = PBXBuildFile; fileRef = 196CFBF826F147240009BE41 /* LaunchScreen.storyboard */; };
		196CFC0426F165E40009BE41 /* PracticeViewController_1.swift in Sources */ = {isa = PBXBuildFile; fileRef = 196CFC0326F165E40009BE41 /* PracticeViewController_1.swift */; };
		196CFC0626F17A5B0009BE41 /* PracticeViewController_2.swift in Sources */ = {isa = PBXBuildFile; fileRef = 196CFC0526F17A5B0009BE41 /* PracticeViewController_2.swift */; };
		196CFC0826F17ECB0009BE41 /* PracticeViewController_3.swift in Sources */ = {isa = PBXBuildFile; fileRef = 196CFC0726F17ECB0009BE41 /* PracticeViewController_3.swift */; };
/* End PBXBuildFile section */

/* Begin PBXFileReference section */
		196CFBEA26F147220009BE41 /* tableViewStudies.app */ = {isa = PBXFileReference; explicitFileType = wrapper.application; includeInIndex = 0; path = tableViewStudies.app; sourceTree = BUILT_PRODUCTS_DIR; };
		196CFBED26F147220009BE41 /* AppDelegate.swift */ = {isa = PBXFileReference; lastKnownFileType = sourcecode.swift; path = AppDelegate.swift; sourceTree = "<group>"; };
		196CFBEF26F147220009BE41 /* SceneDelegate.swift */ = {isa = PBXFileReference; lastKnownFileType = sourcecode.swift; path = SceneDelegate.swift; sourceTree = "<group>"; };
		196CFBF126F147220009BE41 /* ViewController.swift */ = {isa = PBXFileReference; lastKnownFileType = sourcecode.swift; path = ViewController.swift; sourceTree = "<group>"; };
		196CFBF426F147220009BE41 /* Base */ = {isa = PBXFileReference; lastKnownFileType = file.storyboard; name = Base; path = Base.lproj/Main.storyboard; sourceTree = "<group>"; };
		196CFBF626F147240009BE41 /* Assets.xcassets */ = {isa = PBXFileReference; lastKnownFileType = folder.assetcatalog; path = Assets.xcassets; sourceTree = "<group>"; };
		196CFBF926F147240009BE41 /* Base */ = {isa = PBXFileReference; lastKnownFileType = file.storyboard; name = Base; path = Base.lproj/LaunchScreen.storyboard; sourceTree = "<group>"; };
		196CFBFB26F147240009BE41 /* Info.plist */ = {isa = PBXFileReference; lastKnownFileType = text.plist.xml; path = Info.plist; sourceTree = "<group>"; };
		196CFC0326F165E40009BE41 /* PracticeViewController_1.swift */ = {isa = PBXFileReference; lastKnownFileType = sourcecode.swift; path = PracticeViewController_1.swift; sourceTree = "<group>"; };
		196CFC0526F17A5B0009BE41 /* PracticeViewController_2.swift */ = {isa = PBXFileReference; lastKnownFileType = sourcecode.swift; path = PracticeViewController_2.swift; sourceTree = "<group>"; };
		196CFC0726F17ECB0009BE41 /* PracticeViewController_3.swift */ = {isa = PBXFileReference; lastKnownFileType = sourcecode.swift; path = PracticeViewController_3.swift; sourceTree = "<group>"; };
/* End PBXFileReference section */

/* Begin PBXFrameworksBuildPhase section */
		196CFBE726F147220009BE41 /* Frameworks */ = {
			isa = PBXFrameworksBuildPhase;
			buildActionMask = 2147483647;
			files = (
			);
			runOnlyForDeploymentPostprocessing = 0;
		};
/* End PBXFrameworksBuildPhase section */

/* Begin PBXGroup section */
		196CFBE126F147210009BE41 = {
			isa = PBXGroup;
			children = (
				196CFBEC26F147220009BE41 /* tableViewStudies */,
				196CFBEB26F147220009BE41 /* Products */,
			);
			sourceTree = "<group>";
		};
		196CFBEB26F147220009BE41 /* Products */ = {
			isa = PBXGroup;
			children = (
				196CFBEA26F147220009BE41 /* tableViewStudies.app */,
			);
			name = Products;
			sourceTree = "<group>";
		};
		196CFBEC26F147220009BE41 /* tableViewStudies */ = {
			isa = PBXGroup;
			children = (
				196CFBED26F147220009BE41 /* AppDelegate.swift */,
				196CFBEF26F147220009BE41 /* SceneDelegate.swift */,
				196CFBF126F147220009BE41 /* ViewController.swift */,
				196CFBF326F147220009BE41 /* Main.storyboard */,
				196CFBF626F147240009BE41 /* Assets.xcassets */,
				196CFBF826F147240009BE41 /* LaunchScreen.storyboard */,
				196CFBFB26F147240009BE41 /* Info.plist */,
				196CFC0326F165E40009BE41 /* PracticeViewController_1.swift */,
				196CFC0526F17A5B0009BE41 /* PracticeViewController_2.swift */,
				196CFC0726F17ECB0009BE41 /* PracticeViewController_3.swift */,
			);
			path = tableViewStudies;
			sourceTree = "<group>";
		};
/* End PBXGroup section */

/* Begin PBXNativeTarget section */
		196CFBE926F147220009BE41 /* tableViewStudies */ = {
			isa = PBXNativeTarget;
			buildConfigurationList = 196CFBFE26F147240009BE41 /* Build configuration list for PBXNativeTarget "tableViewStudies" */;
			buildPhases = (
				196CFBE626F147220009BE41 /* Sources */,
				196CFBE726F147220009BE41 /* Frameworks */,
				196CFBE826F147220009BE41 /* Resources */,
			);
			buildRules = (
			);
			dependencies = (
			);
			name = tableViewStudies;
			productName = tableViewStudies;
			productReference = 196CFBEA26F147220009BE41 /* tableViewStudies.app */;
			productType = "com.apple.product-type.application";
		};
/* End PBXNativeTarget section */

/* Begin PBXProject section */
		196CFBE226F147210009BE41 /* Project object */ = {
			isa = PBXProject;
			attributes = {
				LastSwiftUpdateCheck = 1250;
				LastUpgradeCheck = 1250;
				TargetAttributes = {
					196CFBE926F147220009BE41 = {
						CreatedOnToolsVersion = 12.5;
					};
				};
			};
			buildConfigurationList = 196CFBE526F147210009BE41 /* Build configuration list for PBXProject "tableViewStudies" */;
			compatibilityVersion = "Xcode 9.3";
			developmentRegion = en;
			hasScannedForEncodings = 0;
			knownRegions = (
				en,
				Base,
			);
			mainGroup = 196CFBE126F147210009BE41;
			productRefGroup = 196CFBEB26F147220009BE41 /* Products */;
			projectDirPath = "";
			projectRoot = "";
			targets = (
				196CFBE926F147220009BE41 /* tableViewStudies */,
			);
		};
/* End PBXProject section */

/* Begin PBXResourcesBuildPhase section */
		196CFBE826F147220009BE41 /* Resources */ = {
			isa = PBXResourcesBuildPhase;
			buildActionMask = 2147483647;
			files = (
				196CFBFA26F147240009BE41 /* LaunchScreen.storyboard in Resources */,
				196CFBF726F147240009BE41 /* Assets.xcassets in Resources */,
				196CFBF526F147220009BE41 /* Main.storyboard in Resources */,
			);
			runOnlyForDeploymentPostprocessing = 0;
		};
/* End PBXResourcesBuildPhase section */

/* Begin PBXSourcesBuildPhase section */
		196CFBE626F147220009BE41 /* Sources */ = {
			isa = PBXSourcesBuildPhase;
			buildActionMask = 2147483647;
			files = (
				196CFC0626F17A5B0009BE41 /* PracticeViewController_2.swift in Sources */,
				196CFC0826F17ECB0009BE41 /* PracticeViewController_3.swift in Sources */,
				196CFBF226F147220009BE41 /* ViewController.swift in Sources */,
				196CFBEE26F147220009BE41 /* AppDelegate.swift in Sources */,
				196CFBF026F147220009BE41 /* SceneDelegate.swift in Sources */,
				196CFC0426F165E40009BE41 /* PracticeViewController_1.swift in Sources */,
			);
			runOnlyForDeploymentPostprocessing = 0;
		};
/* End PBXSourcesBuildPhase section */

/* Begin PBXVariantGroup section */
		196CFBF326F147220009BE41 /* Main.storyboard */ = {
			isa = PBXVariantGroup;
			children = (
				196CFBF426F147220009BE41 /* Base */,
			);
			name = Main.storyboard;
			sourceTree = "<group>";
		};
		196CFBF826F147240009BE41 /* LaunchScreen.storyboard */ = {
			isa = PBXVariantGroup;
			children = (
				196CFBF926F147240009BE41 /* Base */,
			);
			name = LaunchScreen.storyboard;
			sourceTree = "<group>";
		};
/* End PBXVariantGroup section */

/* Begin XCBuildConfiguration section */
		196CFBFC26F147240009BE41 /* Debug */ = {
			isa = XCBuildConfiguration;
			buildSettings = {
				ALWAYS_SEARCH_USER_PATHS = NO;
				CLANG_ANALYZER_NONNULL = YES;
				CLANG_ANALYZER_NUMBER_OBJECT_CONVERSION = YES_AGGRESSIVE;
				CLANG_CXX_LANGUAGE_STANDARD = "gnu++14";
				CLANG_CXX_LIBRARY = "libc++";
				CLANG_ENABLE_MODULES = YES;
				CLANG_ENABLE_OBJC_ARC = YES;
				CLANG_ENABLE_OBJC_WEAK = YES;
				CLANG_WARN_BLOCK_CAPTURE_AUTORELEASING = YES;
				CLANG_WARN_BOOL_CONVERSION = YES;
				CLANG_WARN_COMMA = YES;
				CLANG_WARN_CONSTANT_CONVERSION = YES;
				CLANG_WARN_DEPRECATED_OBJC_IMPLEMENTATIONS = YES;
				CLANG_WARN_DIRECT_OBJC_ISA_USAGE = YES_ERROR;
				CLANG_WARN_DOCUMENTATION_COMMENTS = YES;
				CLANG_WARN_EMPTY_BODY = YES;
				CLANG_WARN_ENUM_CONVERSION = YES;
				CLANG_WARN_INFINITE_RECURSION = YES;
				CLANG_WARN_INT_CONVERSION = YES;
				CLANG_WARN_NON_LITERAL_NULL_CONVERSION = YES;
				CLANG_WARN_OBJC_IMPLICIT_RETAIN_SELF = YES;
				CLANG_WARN_OBJC_LITERAL_CONVERSION = YES;
				CLANG_WARN_OBJC_ROOT_CLASS = YES_ERROR;
				CLANG_WARN_QUOTED_INCLUDE_IN_FRAMEWORK_HEADER = YES;
				CLANG_WARN_RANGE_LOOP_ANALYSIS = YES;
				CLANG_WARN_STRICT_PROTOTYPES = YES;
				CLANG_WARN_SUSPICIOUS_MOVE = YES;
				CLANG_WARN_UNGUARDED_AVAILABILITY = YES_AGGRESSIVE;
				CLANG_WARN_UNREACHABLE_CODE = YES;
				CLANG_WARN__DUPLICATE_METHOD_MATCH = YES;
				COPY_PHASE_STRIP = NO;
				DEBUG_INFORMATION_FORMAT = dwarf;
				ENABLE_STRICT_OBJC_MSGSEND = YES;
				ENABLE_TESTABILITY = YES;
				GCC_C_LANGUAGE_STANDARD = gnu11;
				GCC_DYNAMIC_NO_PIC = NO;
				GCC_NO_COMMON_BLOCKS = YES;
				GCC_OPTIMIZATION_LEVEL = 0;
				GCC_PREPROCESSOR_DEFINITIONS = (
					"DEBUG=1",
					"$(inherited)",
				);
				GCC_WARN_64_TO_32_BIT_CONVERSION = YES;
				GCC_WARN_ABOUT_RETURN_TYPE = YES_ERROR;
				GCC_WARN_UNDECLARED_SELECTOR = YES;
				GCC_WARN_UNINITIALIZED_AUTOS = YES_AGGRESSIVE;
				GCC_WARN_UNUSED_FUNCTION = YES;
				GCC_WARN_UNUSED_VARIABLE = YES;
				IPHONEOS_DEPLOYMENT_TARGET = 14.5;
				MTL_ENABLE_DEBUG_INFO = INCLUDE_SOURCE;
				MTL_FAST_MATH = YES;
				ONLY_ACTIVE_ARCH = YES;
				SDKROOT = iphoneos;
				SWIFT_ACTIVE_COMPILATION_CONDITIONS = DEBUG;
				SWIFT_OPTIMIZATION_LEVEL = "-Onone";
			};
			name = Debug;
		};
		196CFBFD26F147240009BE41 /* Release */ = {
			isa = XCBuildConfiguration;
			buildSettings = {
				ALWAYS_SEARCH_USER_PATHS = NO;
				CLANG_ANALYZER_NONNULL = YES;
				CLANG_ANALYZER_NUMBER_OBJECT_CONVERSION = YES_AGGRESSIVE;
				CLANG_CXX_LANGUAGE_STANDARD = "gnu++14";
				CLANG_CXX_LIBRARY = "libc++";
				CLANG_ENABLE_MODULES = YES;
				CLANG_ENABLE_OBJC_ARC = YES;
				CLANG_ENABLE_OBJC_WEAK = YES;
				CLANG_WARN_BLOCK_CAPTURE_AUTORELEASING = YES;
				CLANG_WARN_BOOL_CONVERSION = YES;
				CLANG_WARN_COMMA = YES;
				CLANG_WARN_CONSTANT_CONVERSION = YES;
				CLANG_WARN_DEPRECATED_OBJC_IMPLEMENTATIONS = YES;
				CLANG_WARN_DIRECT_OBJC_ISA_USAGE = YES_ERROR;
				CLANG_WARN_DOCUMENTATION_COMMENTS = YES;
				CLANG_WARN_EMPTY_BODY = YES;
				CLANG_WARN_ENUM_CONVERSION = YES;
				CLANG_WARN_INFINITE_RECURSION = YES;
				CLANG_WARN_INT_CONVERSION = YES;
				CLANG_WARN_NON_LITERAL_NULL_CONVERSION = YES;
				CLANG_WARN_OBJC_IMPLICIT_RETAIN_SELF = YES;
				CLANG_WARN_OBJC_LITERAL_CONVERSION = YES;
				CLANG_WARN_OBJC_ROOT_CLASS = YES_ERROR;
				CLANG_WARN_QUOTED_INCLUDE_IN_FRAMEWORK_HEADER = YES;
				CLANG_WARN_RANGE_LOOP_ANALYSIS = YES;
				CLANG_WARN_STRICT_PROTOTYPES = YES;
				CLANG_WARN_SUSPICIOUS_MOVE = YES;
				CLANG_WARN_UNGUARDED_AVAILABILITY = YES_AGGRESSIVE;
				CLANG_WARN_UNREACHABLE_CODE = YES;
				CLANG_WARN__DUPLICATE_METHOD_MATCH = YES;
				COPY_PHASE_STRIP = NO;
				DEBUG_INFORMATION_FORMAT = "dwarf-with-dsym";
				ENABLE_NS_ASSERTIONS = NO;
				ENABLE_STRICT_OBJC_MSGSEND = YES;
				GCC_C_LANGUAGE_STANDARD = gnu11;
				GCC_NO_COMMON_BLOCKS = YES;
				GCC_WARN_64_TO_32_BIT_CONVERSION = YES;
				GCC_WARN_ABOUT_RETURN_TYPE = YES_ERROR;
				GCC_WARN_UNDECLARED_SELECTOR = YES;
				GCC_WARN_UNINITIALIZED_AUTOS = YES_AGGRESSIVE;
				GCC_WARN_UNUSED_FUNCTION = YES;
				GCC_WARN_UNUSED_VARIABLE = YES;
				IPHONEOS_DEPLOYMENT_TARGET = 14.5;
				MTL_ENABLE_DEBUG_INFO = NO;
				MTL_FAST_MATH = YES;
				SDKROOT = iphoneos;
				SWIFT_COMPILATION_MODE = wholemodule;
				SWIFT_OPTIMIZATION_LEVEL = "-O";
				VALIDATE_PRODUCT = YES;
			};
			name = Release;
		};
		196CFBFF26F147240009BE41 /* Debug */ = {
			isa = XCBuildConfiguration;
			buildSettings = {
				ASSETCATALOG_COMPILER_APPICON_NAME = AppIcon;
				ASSETCATALOG_COMPILER_GLOBAL_ACCENT_COLOR_NAME = AccentColor;
				CODE_SIGN_STYLE = Automatic;
				INFOPLIST_FILE = tableViewStudies/Info.plist;
				LD_RUNPATH_SEARCH_PATHS = (
					"$(inherited)",
					"@executable_path/Frameworks",
				);
				PRODUCT_BUNDLE_IDENTIFIER = "Zachary-Doctrove.tableViewStudies";
				PRODUCT_NAME = "$(TARGET_NAME)";
				SWIFT_VERSION = 5.0;
				TARGETED_DEVICE_FAMILY = "1,2";
			};
			name = Debug;
		};
		196CFC0026F147240009BE41 /* Release */ = {
			isa = XCBuildConfiguration;
			buildSettings = {
				ASSETCATALOG_COMPILER_APPICON_NAME = AppIcon;
				ASSETCATALOG_COMPILER_GLOBAL_ACCENT_COLOR_NAME = AccentColor;
				CODE_SIGN_STYLE = Automatic;
				INFOPLIST_FILE = tableViewStudies/Info.plist;
				LD_RUNPATH_SEARCH_PATHS = (
					"$(inherited)",
					"@executable_path/Frameworks",
				);
				PRODUCT_BUNDLE_IDENTIFIER = "Zachary-Doctrove.tableViewStudies";
				PRODUCT_NAME = "$(TARGET_NAME)";
				SWIFT_VERSION = 5.0;
				TARGETED_DEVICE_FAMILY = "1,2";
			};
			name = Release;
		};
/* End XCBuildConfiguration section */

/* Begin XCConfigurationList section */
		196CFBE526F147210009BE41 /* Build configuration list for PBXProject "tableViewStudies" */ = {
			isa = XCConfigurationList;
			buildConfigurations = (
				196CFBFC26F147240009BE41 /* Debug */,
				196CFBFD26F147240009BE41 /* Release */,
			);
			defaultConfigurationIsVisible = 0;
			defaultConfigurationName = Release;
		};
		196CFBFE26F147240009BE41 /* Build configuration list for PBXNativeTarget "tableViewStudies" */ = {
			isa = XCConfigurationList;
			buildConfigurations = (
				196CFBFF26F147240009BE41 /* Debug */,
				196CFC0026F147240009BE41 /* Release */,
			);
			defaultConfigurationIsVisible = 0;
			defaultConfigurationName = Release;
		};
/* End XCConfigurationList section */
	};
	rootObject = 196CFBE226F147210009BE41 /* Project object */;
}
